
Microsoft Visual Studio Solution File, Format Version 12.00
Project("{FAE04EC0-301F-11D3-BF4B-00C04F79EFBC}") = "RomantoInteger", "RomantoInteger\RomantoInteger.csproj", "{AB158A76-B751-4181-AF49-5E0C7266555E}"
EndProject
Project("{FAE04EC0-301F-11D3-BF4B-00C04F79EFBC}") = "LongestCommonPrefix", "LongestCommonPrefix\LongestCommonPrefix.csproj", "{3672833B-74F6-451B-AAAE-1628F28FE347}"
EndProject
Global
	GlobalSection(SolutionConfigurationPlatforms) = preSolution
		Debug|Any CPU = Debug|Any CPU
		Release|Any CPU = Release|Any CPU
	EndGlobalSection
	GlobalSection(ProjectConfigurationPlatforms) = postSolution
		{AB158A76-B751-4181-AF49-5E0C7266555E}.Debug|Any CPU.ActiveCfg = Debug|Any CPU
		{AB158A76-B751-4181-AF49-5E0C7266555E}.Debug|Any CPU.Build.0 = Debug|Any CPU
		{AB158A76-B751-4181-AF49-5E0C7266555E}.Release|Any CPU.ActiveCfg = Release|Any CPU
		{AB158A76-B751-4181-AF49-5E0C7266555E}.Release|Any CPU.Build.0 = Release|Any CPU
		{3672833B-74F6-451B-AAAE-1628F28FE347}.Debug|Any CPU.ActiveCfg = Debug|Any CPU
		{3672833B-74F6-451B-AAAE-1628F28FE347}.Debug|Any CPU.Build.0 = Debug|Any CPU
		{3672833B-74F6-451B-AAAE-1628F28FE347}.Release|Any CPU.ActiveCfg = Release|Any CPU
		{3672833B-74F6-451B-AAAE-1628F28FE347}.Release|Any CPU.Build.0 = Release|Any CPU
	EndGlobalSection
EndGlobal
